{
  "version": 4,
  "terraform_version": "0.12.20",
  "serial": 22,
  "lineage": "88ea983b-3dd1-2f89-a2d6-2cef2f95b7e1",
  "outputs": {
    "public_dns": {
      "value": "ec2-54-199-231-38.ap-northeast-1.compute.amazonaws.com",
      "type": "string"
    }
  },
  "resources": [
    {
      "module": "module.web_server",
      "mode": "managed",
      "type": "aws_instance",
      "name": "default",
      "provider": "provider.aws",
      "instances": [
        {
          "schema_version": 1,
          "attributes": {
            "ami": "ami-011facbea5ec0363b",
            "arn": "arn:aws:ec2:ap-northeast-1:193546543446:instance/i-0de8bbf455952e4d6",
            "associate_public_ip_address": true,
            "availability_zone": "ap-northeast-1c",
            "cpu_core_count": 1,
            "cpu_threads_per_core": 2,
            "credit_specification": [
              {
                "cpu_credits": "unlimited"
              }
            ],
            "disable_api_termination": false,
            "ebs_block_device": [],
            "ebs_optimized": false,
            "ephemeral_block_device": [],
            "get_password_data": false,
            "host_id": null,
            "iam_instance_profile": "",
            "id": "i-0de8bbf455952e4d6",
            "instance_initiated_shutdown_behavior": null,
            "instance_state": "running",
            "instance_type": "t3.micro",
            "ipv6_address_count": 0,
            "ipv6_addresses": [],
            "key_name": "",
            "monitoring": false,
            "network_interface": [],
            "network_interface_id": null,
            "password_data": "",
            "placement_group": "",
            "primary_network_interface_id": "eni-002dea5d7128a7eb8",
            "private_dns": "ip-172-31-5-221.ap-northeast-1.compute.internal",
            "private_ip": "172.31.5.221",
            "public_dns": "ec2-54-199-231-38.ap-northeast-1.compute.amazonaws.com",
            "public_ip": "54.199.231.38",
            "root_block_device": [
              {
                "delete_on_termination": true,
                "encrypted": false,
                "iops": 100,
                "kms_key_id": "",
                "volume_id": "vol-054987e7e83f8b634",
                "volume_size": 8,
                "volume_type": "gp2"
              }
            ],
            "security_groups": [
              "ec2-sg"
            ],
            "source_dest_check": true,
            "subnet_id": "subnet-42605219",
            "tags": null,
            "tenancy": "default",
            "timeouts": null,
            "user_data": "5f11f9fb893f5c269243dd3d8efe2bc57983f538",
            "user_data_base64": null,
            "volume_tags": {},
            "vpc_security_group_ids": [
              "sg-011152d6b7b100cd0"
            ]
          },
          "private": "eyJlMmJmYjczMC1lY2FhLTExZTYtOGY4OC0zNDM2M2JjN2M0YzAiOnsiY3JlYXRlIjo2MDAwMDAwMDAwMDAsImRlbGV0ZSI6MTIwMDAwMDAwMDAwMCwidXBkYXRlIjo2MDAwMDAwMDAwMDB9LCJzY2hlbWFfdmVyc2lvbiI6IjEifQ==",
          "dependencies": [
            "module.web_server.aws_security_group.default"
          ]
        }
      ]
    },
    {
      "module": "module.web_server",
      "mode": "managed",
      "type": "aws_security_group",
      "name": "default",
      "provider": "provider.aws",
      "instances": [
        {
          "schema_version": 1,
          "attributes": {
            "arn": "arn:aws:ec2:ap-northeast-1:193546543446:security-group/sg-011152d6b7b100cd0",
            "description": "Managed by Terraform",
            "egress": [
              {
                "cidr_blocks": [
                  "0.0.0.0/0"
                ],
                "description": "",
                "from_port": 0,
                "ipv6_cidr_blocks": [],
                "prefix_list_ids": [],
                "protocol": "-1",
                "security_groups": [],
                "self": false,
                "to_port": 0
              }
            ],
            "id": "sg-011152d6b7b100cd0",
            "ingress": [
              {
                "cidr_blocks": [
                  "0.0.0.0/0"
                ],
                "description": "",
                "from_port": 80,
                "ipv6_cidr_blocks": [],
                "prefix_list_ids": [],
                "protocol": "tcp",
                "security_groups": [],
                "self": false,
                "to_port": 80
              }
            ],
            "name": "ec2-sg",
            "name_prefix": null,
            "owner_id": "193546543446",
            "revoke_rules_on_delete": false,
            "tags": null,
            "timeouts": null,
            "vpc_id": "vpc-6fcec908"
          },
          "private": "eyJlMmJmYjczMC1lY2FhLTExZTYtOGY4OC0zNDM2M2JjN2M0YzAiOnsiY3JlYXRlIjo2MDAwMDAwMDAwMDAsImRlbGV0ZSI6NjAwMDAwMDAwMDAwfSwic2NoZW1hX3ZlcnNpb24iOiIxIn0="
        }
      ]
    }
  ]
}
